{
    "_readme": [
        "This file locks the dependencies of your project to a known state",
        "Read more about it at http://getcomposer.org/doc/01-basic-usage.md#composer-lock-the-lock-file"
    ],
    "hash": "bd42991c5f4a6efcb4c79a33627a2bc0",
    "packages": [
        {
            "name": "cakedc/migrations",
            "version": "dev-master",
            "source": {
                "type": "git",
                "url": "https://github.com/CakeDC/migrations.git",
                "reference": "2.2.1"
            },
            "dist": {
                "type": "zip",
                "url": "https://api.github.com/repos/CakeDC/migrations/zipball/2.2.1",
                "reference": "2.2.1",
                "shasum": ""
            },
            "require": {
                "composer/installers": "*"
            },
            "type": "cakephp-plugin",
            "notification-url": "https://packagist.org/downloads/",
            "license": [
                "MIT"
            ],
            "authors": [
                {
                    "name": "Cake Development Corporation",
                    "email": "team@cakedc.com",
                    "homepage": "http://cakedc.com"
                }
            ],
            "description": "Migrations Plugin for CakePHP",
            "homepage": "http://cakedc.com",
            "keywords": [
                "cakephp",
                "migrations"
            ],
            "time": "2013-04-15 12:40:51"
        },
        {
            "name": "composer/installers",
            "version": "v1.0.3",
            "source": {
                "type": "git",
                "url": "https://github.com/composer/installers.git",
                "reference": "v1.0.3"
            },
            "dist": {
                "type": "zip",
                "url": "https://api.github.com/repos/composer/installers/zipball/v1.0.3",
                "reference": "v1.0.3",
                "shasum": ""
            },
            "replace": {
                "shama/baton": "*"
            },
            "require-dev": {
                "composer/composer": "1.0.*@dev",
                "phpunit/phpunit": "3.7.*"
            },
            "type": "composer-installer",
            "extra": {
                "class": "Composer\\Installers\\Installer",
                "branch-alias": {
                    "dev-master": "1.0-dev"
                }
            },
            "autoload": {
                "psr-0": {
                    "Composer\\Installers\\": "src/"
                }
            },
            "notification-url": "https://packagist.org/downloads/",
            "license": [
                "MIT"
            ],
            "authors": [
                {
                    "name": "Kyle Robinson Young",
                    "email": "kyle@dontkry.com",
                    "homepage": "https://github.com/shama",
                    "role": "Developer"
                }
            ],
            "description": "A multi-framework Composer library installer",
            "homepage": "http://composer.github.com/installers/",
            "keywords": [
                "TYPO3 Flow",
                "TYPO3 Neos",
                "agl",
                "cakephp",
                "codeigniter",
                "drupal",
                "fuelphp",
                "installer",
                "joomla",
                "kohana",
                "laravel",
                "li3",
                "lithium",
                "mako",
                "phpbb",
                "ppi",
                "silverstripe",
                "symfony",
                "wordpress",
                "yii",
                "zend"
            ],
            "time": "2013-03-02 22:45:58"
        }
    ],
    "packages-dev": [

    ],
    "aliases": [

    ],
    "minimum-stability": "stable",
    "stability-flags": {
        "cakedc/migrations": 20
    },
    "platform": {
        "php": ">=5.3.0"
    },
    "platform-dev": [

    ]
}
